
Microsoft Visual Studio Solution File, Format Version 11.00
# Visual Studio 2010
# SharpDevelop 5.1
Project("{FAE04EC0-301F-11D3-BF4B-00C04F79EFBC}") = "funciones_recursivas", "x1\funciones_recursivas.csproj", "{F11C95BE-6287-461A-A07B-66078B74E1F3}"
EndProject
Global
	GlobalSection(SolutionConfigurationPlatforms) = preSolution
		Debug|Any CPU = Debug|Any CPU
		Release|Any CPU = Release|Any CPU
	EndGlobalSection
	GlobalSection(ProjectConfigurationPlatforms) = postSolution
		{F11C95BE-6287-461A-A07B-66078B74E1F3}.Debug|Any CPU.ActiveCfg = Debug|Any CPU
		{F11C95BE-6287-461A-A07B-66078B74E1F3}.Debug|Any CPU.Build.0 = Debug|Any CPU
		{F11C95BE-6287-461A-A07B-66078B74E1F3}.Release|Any CPU.ActiveCfg = Release|Any CPU
		{F11C95BE-6287-461A-A07B-66078B74E1F3}.Release|Any CPU.Build.0 = Release|Any CPU
	EndGlobalSection
EndGlobal
