
Microsoft Visual Studio Solution File, Format Version 11.00
# Visual Studio 2010
# SharpDevelop 5.1
Project("{FAE04EC0-301F-11D3-BF4B-00C04F79EFBC}") = "ej1", "ej1\ej1.csproj", "{077BED52-C20F-4185-B255-E5564F8FD0E7}"
EndProject
Project("{FAE04EC0-301F-11D3-BF4B-00C04F79EFBC}") = "ej2", "ej2\ej2.csproj", "{692FD5E2-3DE2-441D-9A06-3DD785ED70D4}"
EndProject
Global
	GlobalSection(SolutionConfigurationPlatforms) = preSolution
		Debug|Any CPU = Debug|Any CPU
		Release|Any CPU = Release|Any CPU
	EndGlobalSection
	GlobalSection(ProjectConfigurationPlatforms) = postSolution
		{077BED52-C20F-4185-B255-E5564F8FD0E7}.Debug|Any CPU.ActiveCfg = Debug|Any CPU
		{077BED52-C20F-4185-B255-E5564F8FD0E7}.Debug|Any CPU.Build.0 = Debug|Any CPU
		{077BED52-C20F-4185-B255-E5564F8FD0E7}.Release|Any CPU.ActiveCfg = Release|Any CPU
		{077BED52-C20F-4185-B255-E5564F8FD0E7}.Release|Any CPU.Build.0 = Release|Any CPU
		{692FD5E2-3DE2-441D-9A06-3DD785ED70D4}.Debug|Any CPU.ActiveCfg = Debug|Any CPU
		{692FD5E2-3DE2-441D-9A06-3DD785ED70D4}.Debug|Any CPU.Build.0 = Debug|Any CPU
		{692FD5E2-3DE2-441D-9A06-3DD785ED70D4}.Release|Any CPU.ActiveCfg = Release|Any CPU
		{692FD5E2-3DE2-441D-9A06-3DD785ED70D4}.Release|Any CPU.Build.0 = Release|Any CPU
	EndGlobalSection
EndGlobal
