
Microsoft Visual Studio Solution File, Format Version 11.00
# Visual Studio 2010
# SharpDevelop 5.1
Project("{FAE04EC0-301F-11D3-BF4B-00C04F79EFBC}") = "ej1_horarios", "ej1_horarios\ej1_horarios.csproj", "{B2A25507-0E2B-4370-A924-7BFB6E0014F5}"
EndProject
Global
	GlobalSection(SolutionConfigurationPlatforms) = preSolution
		Debug|Any CPU = Debug|Any CPU
		Release|Any CPU = Release|Any CPU
	EndGlobalSection
	GlobalSection(ProjectConfigurationPlatforms) = postSolution
		{B2A25507-0E2B-4370-A924-7BFB6E0014F5}.Debug|Any CPU.ActiveCfg = Debug|Any CPU
		{B2A25507-0E2B-4370-A924-7BFB6E0014F5}.Debug|Any CPU.Build.0 = Debug|Any CPU
		{B2A25507-0E2B-4370-A924-7BFB6E0014F5}.Release|Any CPU.ActiveCfg = Release|Any CPU
		{B2A25507-0E2B-4370-A924-7BFB6E0014F5}.Release|Any CPU.Build.0 = Release|Any CPU
	EndGlobalSection
EndGlobal
